
Microsoft Visual Studio Solution File, Format Version 12.00
# Visual Studio Version 16
VisualStudioVersion = 16.0.30309.148
MinimumVisualStudioVersion = 10.0.40219.1
Project("{FAE04EC0-301F-11D3-BF4B-00C04F79EFBC}") = "Martinlabelle.Web", "Martinlabelle.Web\Martinlabelle.Web.csproj", "{9344D0C1-EACE-497B-B978-0F90A0EA5A19}"
EndProject
Global
	GlobalSection(SolutionConfigurationPlatforms) = preSolution
		Debug|Any CPU = Debug|Any CPU
		Release|Any CPU = Release|Any CPU
	EndGlobalSection
	GlobalSection(ProjectConfigurationPlatforms) = postSolution
		{9344D0C1-EACE-497B-B978-0F90A0EA5A19}.Debug|Any CPU.ActiveCfg = Debug|Any CPU
		{9344D0C1-EACE-497B-B978-0F90A0EA5A19}.Debug|Any CPU.Build.0 = Debug|Any CPU
		{9344D0C1-EACE-497B-B978-0F90A0EA5A19}.Release|Any CPU.ActiveCfg = Release|Any CPU
		{9344D0C1-EACE-497B-B978-0F90A0EA5A19}.Release|Any CPU.Build.0 = Release|Any CPU
	EndGlobalSection
	GlobalSection(SolutionProperties) = preSolution
		HideSolutionNode = FALSE
	EndGlobalSection
	GlobalSection(ExtensibilityGlobals) = postSolution
		SolutionGuid = {2A0073EF-7E37-4D66-B110-9ABE141F2373}
	EndGlobalSection
EndGlobal
